# This file is automatically @generated by Cargo.
# It is not intended for manual editing.
version = 4

[[package]]
name = "felx-app"
version = "0.0.0"
dependencies = [
 "felx-core",
 "felx-render",
]

[[package]]
name = "felx-cli"
version = "0.0.0"
dependencies = [
 "felx-core",
 "felx-render",
]

[[package]]
name = "felx-core"
version = "0.0.0"

[[package]]
name = "felx-render"
version = "0.0.0"
dependencies = [
 "felx-core",
]
